
Microsoft Visual Studio Solution File, Format Version 12.00
# Visual Studio 15
VisualStudioVersion = 15.0.26124.0
MinimumVisualStudioVersion = 15.0.26124.0
Project("{FAE04EC0-301F-11D3-BF4B-00C04F79EFBC}") = "Scenario1", "Scenario1\Scenario1.csproj", "{252947A8-4A02-4088-BDD7-0161535C28B4}"
EndProject
Project("{FAE04EC0-301F-11D3-BF4B-00C04F79EFBC}") = "Scenario2", "Scenario2\Scenario2.csproj", "{3D156752-CF5A-4779-A0CA-E9AEF7F914F6}"
EndProject
Project("{FAE04EC0-301F-11D3-BF4B-00C04F79EFBC}") = "Scenario3", "Scenario3\Scenario3.csproj", "{3AD653A1-FB04-400B-8F59-5D927853381D}"
EndProject
Project("{FAE04EC0-301F-11D3-BF4B-00C04F79EFBC}") = "Scenario4", "Scenario4\Scenario4.csproj", "{4237A75E-7909-4634-A77A-AF9499231619}"
EndProject
Project("{FAE04EC0-301F-11D3-BF4B-00C04F79EFBC}") = "Scenario5", "Scenario5\Scenario5.csproj", "{8D53BB56-1AF9-4AD1-B834-8BC6596825C6}"
EndProject
Global
	GlobalSection(SolutionConfigurationPlatforms) = preSolution
		Debug|Any CPU = Debug|Any CPU
		Debug|x64 = Debug|x64
		Debug|x86 = Debug|x86
		Release|Any CPU = Release|Any CPU
		Release|x64 = Release|x64
		Release|x86 = Release|x86
	EndGlobalSection
	GlobalSection(SolutionProperties) = preSolution
		HideSolutionNode = FALSE
	EndGlobalSection
	GlobalSection(ProjectConfigurationPlatforms) = postSolution
		{252947A8-4A02-4088-BDD7-0161535C28B4}.Debug|Any CPU.ActiveCfg = Debug|Any CPU
		{252947A8-4A02-4088-BDD7-0161535C28B4}.Debug|Any CPU.Build.0 = Debug|Any CPU
		{252947A8-4A02-4088-BDD7-0161535C28B4}.Debug|x64.ActiveCfg = Debug|Any CPU
		{252947A8-4A02-4088-BDD7-0161535C28B4}.Debug|x64.Build.0 = Debug|Any CPU
		{252947A8-4A02-4088-BDD7-0161535C28B4}.Debug|x86.ActiveCfg = Debug|Any CPU
		{252947A8-4A02-4088-BDD7-0161535C28B4}.Debug|x86.Build.0 = Debug|Any CPU
		{252947A8-4A02-4088-BDD7-0161535C28B4}.Release|Any CPU.ActiveCfg = Release|Any CPU
		{252947A8-4A02-4088-BDD7-0161535C28B4}.Release|Any CPU.Build.0 = Release|Any CPU
		{252947A8-4A02-4088-BDD7-0161535C28B4}.Release|x64.ActiveCfg = Release|Any CPU
		{252947A8-4A02-4088-BDD7-0161535C28B4}.Release|x64.Build.0 = Release|Any CPU
		{252947A8-4A02-4088-BDD7-0161535C28B4}.Release|x86.ActiveCfg = Release|Any CPU
		{252947A8-4A02-4088-BDD7-0161535C28B4}.Release|x86.Build.0 = Release|Any CPU
		{3D156752-CF5A-4779-A0CA-E9AEF7F914F6}.Debug|Any CPU.ActiveCfg = Debug|Any CPU
		{3D156752-CF5A-4779-A0CA-E9AEF7F914F6}.Debug|Any CPU.Build.0 = Debug|Any CPU
		{3D156752-CF5A-4779-A0CA-E9AEF7F914F6}.Debug|x64.ActiveCfg = Debug|Any CPU
		{3D156752-CF5A-4779-A0CA-E9AEF7F914F6}.Debug|x64.Build.0 = Debug|Any CPU
		{3D156752-CF5A-4779-A0CA-E9AEF7F914F6}.Debug|x86.ActiveCfg = Debug|Any CPU
		{3D156752-CF5A-4779-A0CA-E9AEF7F914F6}.Debug|x86.Build.0 = Debug|Any CPU
		{3D156752-CF5A-4779-A0CA-E9AEF7F914F6}.Release|Any CPU.ActiveCfg = Release|Any CPU
		{3D156752-CF5A-4779-A0CA-E9AEF7F914F6}.Release|Any CPU.Build.0 = Release|Any CPU
		{3D156752-CF5A-4779-A0CA-E9AEF7F914F6}.Release|x64.ActiveCfg = Release|Any CPU
		{3D156752-CF5A-4779-A0CA-E9AEF7F914F6}.Release|x64.Build.0 = Release|Any CPU
		{3D156752-CF5A-4779-A0CA-E9AEF7F914F6}.Release|x86.ActiveCfg = Release|Any CPU
		{3D156752-CF5A-4779-A0CA-E9AEF7F914F6}.Release|x86.Build.0 = Release|Any CPU
		{3AD653A1-FB04-400B-8F59-5D927853381D}.Debug|Any CPU.ActiveCfg = Debug|Any CPU
		{3AD653A1-FB04-400B-8F59-5D927853381D}.Debug|Any CPU.Build.0 = Debug|Any CPU
		{3AD653A1-FB04-400B-8F59-5D927853381D}.Debug|x64.ActiveCfg = Debug|Any CPU
		{3AD653A1-FB04-400B-8F59-5D927853381D}.Debug|x64.Build.0 = Debug|Any CPU
		{3AD653A1-FB04-400B-8F59-5D927853381D}.Debug|x86.ActiveCfg = Debug|Any CPU
		{3AD653A1-FB04-400B-8F59-5D927853381D}.Debug|x86.Build.0 = Debug|Any CPU
		{3AD653A1-FB04-400B-8F59-5D927853381D}.Release|Any CPU.ActiveCfg = Release|Any CPU
		{3AD653A1-FB04-400B-8F59-5D927853381D}.Release|Any CPU.Build.0 = Release|Any CPU
		{3AD653A1-FB04-400B-8F59-5D927853381D}.Release|x64.ActiveCfg = Release|Any CPU
		{3AD653A1-FB04-400B-8F59-5D927853381D}.Release|x64.Build.0 = Release|Any CPU
		{3AD653A1-FB04-400B-8F59-5D927853381D}.Release|x86.ActiveCfg = Release|Any CPU
		{3AD653A1-FB04-400B-8F59-5D927853381D}.Release|x86.Build.0 = Release|Any CPU
		{4237A75E-7909-4634-A77A-AF9499231619}.Debug|Any CPU.ActiveCfg = Debug|Any CPU
		{4237A75E-7909-4634-A77A-AF9499231619}.Debug|Any CPU.Build.0 = Debug|Any CPU
		{4237A75E-7909-4634-A77A-AF9499231619}.Debug|x64.ActiveCfg = Debug|Any CPU
		{4237A75E-7909-4634-A77A-AF9499231619}.Debug|x64.Build.0 = Debug|Any CPU
		{4237A75E-7909-4634-A77A-AF9499231619}.Debug|x86.ActiveCfg = Debug|Any CPU
		{4237A75E-7909-4634-A77A-AF9499231619}.Debug|x86.Build.0 = Debug|Any CPU
		{4237A75E-7909-4634-A77A-AF9499231619}.Release|Any CPU.ActiveCfg = Release|Any CPU
		{4237A75E-7909-4634-A77A-AF9499231619}.Release|Any CPU.Build.0 = Release|Any CPU
		{4237A75E-7909-4634-A77A-AF9499231619}.Release|x64.ActiveCfg = Release|Any CPU
		{4237A75E-7909-4634-A77A-AF9499231619}.Release|x64.Build.0 = Release|Any CPU
		{4237A75E-7909-4634-A77A-AF9499231619}.Release|x86.ActiveCfg = Release|Any CPU
		{4237A75E-7909-4634-A77A-AF9499231619}.Release|x86.Build.0 = Release|Any CPU
		{8D53BB56-1AF9-4AD1-B834-8BC6596825C6}.Debug|Any CPU.ActiveCfg = Debug|Any CPU
		{8D53BB56-1AF9-4AD1-B834-8BC6596825C6}.Debug|Any CPU.Build.0 = Debug|Any CPU
		{8D53BB56-1AF9-4AD1-B834-8BC6596825C6}.Debug|x64.ActiveCfg = Debug|Any CPU
		{8D53BB56-1AF9-4AD1-B834-8BC6596825C6}.Debug|x64.Build.0 = Debug|Any CPU
		{8D53BB56-1AF9-4AD1-B834-8BC6596825C6}.Debug|x86.ActiveCfg = Debug|Any CPU
		{8D53BB56-1AF9-4AD1-B834-8BC6596825C6}.Debug|x86.Build.0 = Debug|Any CPU
		{8D53BB56-1AF9-4AD1-B834-8BC6596825C6}.Release|Any CPU.ActiveCfg = Release|Any CPU
		{8D53BB56-1AF9-4AD1-B834-8BC6596825C6}.Release|Any CPU.Build.0 = Release|Any CPU
		{8D53BB56-1AF9-4AD1-B834-8BC6596825C6}.Release|x64.ActiveCfg = Release|Any CPU
		{8D53BB56-1AF9-4AD1-B834-8BC6596825C6}.Release|x64.Build.0 = Release|Any CPU
		{8D53BB56-1AF9-4AD1-B834-8BC6596825C6}.Release|x86.ActiveCfg = Release|Any CPU
		{8D53BB56-1AF9-4AD1-B834-8BC6596825C6}.Release|x86.Build.0 = Release|Any CPU
	EndGlobalSection
EndGlobal
